
Microsoft Visual Studio Solution File, Format Version 12.00
Project("{FAE04EC0-301F-11D3-BF4B-00C04F79EFBC}") = "IntroductionToAlgorithms", "IntroductionToAlgorithms.csproj", "{30285D19-5932-4927-ACA7-AA4D291C1897}"
EndProject
Global
	GlobalSection(SolutionConfigurationPlatforms) = preSolution
		Debug|Any CPU = Debug|Any CPU
		Release|Any CPU = Release|Any CPU
	EndGlobalSection
	GlobalSection(ProjectConfigurationPlatforms) = postSolution
		{30285D19-5932-4927-ACA7-AA4D291C1897}.Debug|Any CPU.ActiveCfg = Debug|Any CPU
		{30285D19-5932-4927-ACA7-AA4D291C1897}.Debug|Any CPU.Build.0 = Debug|Any CPU
		{30285D19-5932-4927-ACA7-AA4D291C1897}.Release|Any CPU.ActiveCfg = Release|Any CPU
		{30285D19-5932-4927-ACA7-AA4D291C1897}.Release|Any CPU.Build.0 = Release|Any CPU
	EndGlobalSection
EndGlobal
